
Microsoft Visual Studio Solution File, Format Version 12.00
# Visual Studio Version 17
VisualStudioVersion = 17.4.33213.308
MinimumVisualStudioVersion = 10.0.40219.1
Project("{FAE04EC0-301F-11D3-BF4B-00C04F79EFBC}") = "ProjectEulerCS", "ProjectEulerCS\ProjectEulerCS.csproj", "{76A8E438-CB82-4316-9442-6BD80E163296}"
EndProject
Project("{FAE04EC0-301F-11D3-BF4B-00C04F79EFBC}") = "ProjectEulerCS.Tests", "ProjectEulerCS.Tests\ProjectEulerCS.Tests.csproj", "{1A2A6EF5-7DB5-46F5-8BD4-76E861CBB15E}"
	ProjectSection(ProjectDependencies) = postProject
		{76A8E438-CB82-4316-9442-6BD80E163296} = {76A8E438-CB82-4316-9442-6BD80E163296}
	EndProjectSection
EndProject
Global
	GlobalSection(SolutionConfigurationPlatforms) = preSolution
		Debug|Any CPU = Debug|Any CPU
		Release|Any CPU = Release|Any CPU
	EndGlobalSection
	GlobalSection(ProjectConfigurationPlatforms) = postSolution
		{76A8E438-CB82-4316-9442-6BD80E163296}.Debug|Any CPU.ActiveCfg = Debug|Any CPU
		{76A8E438-CB82-4316-9442-6BD80E163296}.Debug|Any CPU.Build.0 = Debug|Any CPU
		{76A8E438-CB82-4316-9442-6BD80E163296}.Release|Any CPU.ActiveCfg = Release|Any CPU
		{76A8E438-CB82-4316-9442-6BD80E163296}.Release|Any CPU.Build.0 = Release|Any CPU
		{1A2A6EF5-7DB5-46F5-8BD4-76E861CBB15E}.Debug|Any CPU.ActiveCfg = Debug|Any CPU
		{1A2A6EF5-7DB5-46F5-8BD4-76E861CBB15E}.Debug|Any CPU.Build.0 = Debug|Any CPU
		{1A2A6EF5-7DB5-46F5-8BD4-76E861CBB15E}.Release|Any CPU.ActiveCfg = Release|Any CPU
		{1A2A6EF5-7DB5-46F5-8BD4-76E861CBB15E}.Release|Any CPU.Build.0 = Release|Any CPU
	EndGlobalSection
	GlobalSection(SolutionProperties) = preSolution
		HideSolutionNode = FALSE
	EndGlobalSection
	GlobalSection(ExtensibilityGlobals) = postSolution
		SolutionGuid = {D4C5582E-DEC3-4555-B094-F7BC34E9EAC6}
	EndGlobalSection
EndGlobal
